
Microsoft Visual Studio Solution File, Format Version 12.00
# Visual Studio Version 17
VisualStudioVersion = 17.3.32929.385
MinimumVisualStudioVersion = 10.0.40219.1
Project("{FAE04EC0-301F-11D3-BF4B-00C04F79EFBC}") = "AutoMapperProblem", "AutoMapperProblem\AutoMapperProblem.csproj", "{96542846-6FEE-499D-A852-593D21908A30}"
EndProject
Project("{FAE04EC0-301F-11D3-BF4B-00C04F79EFBC}") = "AMProblem.Maui", "AMProblem.Maui\AMProblem.Maui.csproj", "{AB12CDEE-6562-4CA3-8EC2-E42F2F512939}"
EndProject
Global
	GlobalSection(SolutionConfigurationPlatforms) = preSolution
		Debug|Any CPU = Debug|Any CPU
		Release|Any CPU = Release|Any CPU
	EndGlobalSection
	GlobalSection(ProjectConfigurationPlatforms) = postSolution
		{96542846-6FEE-499D-A852-593D21908A30}.Debug|Any CPU.ActiveCfg = Debug|Any CPU
		{96542846-6FEE-499D-A852-593D21908A30}.Debug|Any CPU.Build.0 = Debug|Any CPU
		{96542846-6FEE-499D-A852-593D21908A30}.Release|Any CPU.ActiveCfg = Release|Any CPU
		{96542846-6FEE-499D-A852-593D21908A30}.Release|Any CPU.Build.0 = Release|Any CPU
		{AB12CDEE-6562-4CA3-8EC2-E42F2F512939}.Debug|Any CPU.ActiveCfg = Debug|Any CPU
		{AB12CDEE-6562-4CA3-8EC2-E42F2F512939}.Debug|Any CPU.Build.0 = Debug|Any CPU
		{AB12CDEE-6562-4CA3-8EC2-E42F2F512939}.Debug|Any CPU.Deploy.0 = Debug|Any CPU
		{AB12CDEE-6562-4CA3-8EC2-E42F2F512939}.Release|Any CPU.ActiveCfg = Release|Any CPU
		{AB12CDEE-6562-4CA3-8EC2-E42F2F512939}.Release|Any CPU.Build.0 = Release|Any CPU
		{AB12CDEE-6562-4CA3-8EC2-E42F2F512939}.Release|Any CPU.Deploy.0 = Release|Any CPU
	EndGlobalSection
	GlobalSection(SolutionProperties) = preSolution
		HideSolutionNode = FALSE
	EndGlobalSection
	GlobalSection(ExtensibilityGlobals) = postSolution
		SolutionGuid = {3EDE8B4D-12E0-40FB-AF40-1F43E732045B}
	EndGlobalSection
EndGlobal
